
Microsoft Visual Studio Solution File, Format Version 12.00
Project("{FAE04EC0-301F-11D3-BF4B-00C04F79EFBC}") = "DragonsDescent 1.6", "DragonsDescent 1.6\DragonsDescent 1.6.csproj", "{D3771CC4-53DB-4AC7-B39C-D153F7D9848C}"
EndProject
Global
	GlobalSection(SolutionConfigurationPlatforms) = preSolution
		Debug|Any CPU = Debug|Any CPU
		Release|Any CPU = Release|Any CPU
	EndGlobalSection
	GlobalSection(ProjectConfigurationPlatforms) = postSolution
		{D3771CC4-53DB-4AC7-B39C-D153F7D9848C}.Debug|Any CPU.ActiveCfg = Debug|Any CPU
		{D3771CC4-53DB-4AC7-B39C-D153F7D9848C}.Debug|Any CPU.Build.0 = Debug|Any CPU
		{D3771CC4-53DB-4AC7-B39C-D153F7D9848C}.Release|Any CPU.ActiveCfg = Release|Any CPU
		{D3771CC4-53DB-4AC7-B39C-D153F7D9848C}.Release|Any CPU.Build.0 = Release|Any CPU
	EndGlobalSection
EndGlobal
