
Microsoft Visual Studio Solution File, Format Version 12.00
# Visual Studio Version 17
VisualStudioVersion = 17.0.32014.148
MinimumVisualStudioVersion = 10.0.40219.1
Project("{FAE04EC0-301F-11D3-BF4B-00C04F79EFBC}") = "DragonsDescentLibrary", "DragonsDescentLibrary.csproj", "{67CDDB5E-C9DA-4A80-8F16-3A88A440C950}"
EndProject
Global
	GlobalSection(SolutionConfigurationPlatforms) = preSolution
		Debug|Any CPU = Debug|Any CPU
		Release|Any CPU = Release|Any CPU
	EndGlobalSection
	GlobalSection(ProjectConfigurationPlatforms) = postSolution
		{67CDDB5E-C9DA-4A80-8F16-3A88A440C950}.Debug|Any CPU.ActiveCfg = Debug|Any CPU
		{67CDDB5E-C9DA-4A80-8F16-3A88A440C950}.Debug|Any CPU.Build.0 = Debug|Any CPU
		{67CDDB5E-C9DA-4A80-8F16-3A88A440C950}.Release|Any CPU.ActiveCfg = Release|Any CPU
		{67CDDB5E-C9DA-4A80-8F16-3A88A440C950}.Release|Any CPU.Build.0 = Release|Any CPU
	EndGlobalSection
	GlobalSection(SolutionProperties) = preSolution
		HideSolutionNode = FALSE
	EndGlobalSection
	GlobalSection(ExtensibilityGlobals) = postSolution
		SolutionGuid = {B906AE53-D1CE-4E8C-9E37-F052B0F014B0}
	EndGlobalSection
EndGlobal
